// !$*UTF8*$!
{
	archiveVersion = 1;
	classes = {
	};
	objectVersion = 52;
	objects = {

/* Begin PBXBuildFile section */
		1C6FCF55834A4908B89AC3C0B0D749CC /* versions.swift in Sources */ = {isa = PBXBuildFile; fileRef = 9060153E5FA64761BCF18B0E625F9168 /* versions.swift */; };
		DBB6F51524A8D36B008B2AAF /* main.swift in Sources */ = {isa = PBXBuildFile; fileRef = DBB6F51424A8D36B008B2AAF /* main.swift */; };
		DBB6F52624A8D452008B2AAF /* Plan.swift in Sources */ = {isa = PBXBuildFile; fileRef = DBB6F51B24A8D452008B2AAF /* Plan.swift */; };
		DBB6F52724A8D452008B2AAF /* ManifestFile.swift in Sources */ = {isa = PBXBuildFile; fileRef = DBB6F51C24A8D452008B2AAF /* ManifestFile.swift */; };
		DBB6F52824A8D452008B2AAF /* CGRect-Extension.swift in Sources */ = {isa = PBXBuildFile; fileRef = DBB6F51D24A8D452008B2AAF /* CGRect-Extension.swift */; };
		DBB6F52924A8D452008B2AAF /* Manifest.swift in Sources */ = {isa = PBXBuildFile; fileRef = DBB6F51E24A8D452008B2AAF /* Manifest.swift */; };
		DBB6F52A24A8D452008B2AAF /* JSONReadWrite.swift in Sources */ = {isa = PBXBuildFile; fileRef = DBB6F51F24A8D452008B2AAF /* JSONReadWrite.swift */; };
		DBB6F52B24A8D452008B2AAF /* Configuration.swift in Sources */ = {isa = PBXBuildFile; fileRef = DBB6F52024A8D452008B2AAF /* Configuration.swift */; };
		DBB6F52C24A8D452008B2AAF /* YAMLReadWrite.swift in Sources */ = {isa = PBXBuildFile; fileRef = DBB6F52124A8D452008B2AAF /* YAMLReadWrite.swift */; };
		DBB6F52D24A8D452008B2AAF /* SampleManifestCommand.swift in Sources */ = {isa = PBXBuildFile; fileRef = DBB6F52324A8D452008B2AAF /* SampleManifestCommand.swift */; };
		DBB6F52E24A8D452008B2AAF /* ProcessCommand.swift in Sources */ = {isa = PBXBuildFile; fileRef = DBB6F52424A8D452008B2AAF /* ProcessCommand.swift */; };
		DBB6F52F24A8D452008B2AAF /* Mappings.swift in Sources */ = {isa = PBXBuildFile; fileRef = DBB6F52524A8D452008B2AAF /* Mappings.swift */; };
		DBB6F54924A8D55C008B2AAF /* CommandLineCore in Frameworks */ = {isa = PBXBuildFile; productRef = DBB6F54824A8D55C008B2AAF /* CommandLineCore */; };
		DBB6F54B24A8D55C008B2AAF /* Yams in Frameworks */ = {isa = PBXBuildFile; productRef = DBB6F54A24A8D55C008B2AAF /* Yams */; };
/* End PBXBuildFile section */

/* Begin PBXCopyFilesBuildPhase section */
		DBB6F50F24A8D36B008B2AAF /* CopyFiles */ = {
			isa = PBXCopyFilesBuildPhase;
			buildActionMask = 2147483647;
			dstPath = /usr/share/man/man1/;
			dstSubfolderSpec = 0;
			files = (
			);
			runOnlyForDeploymentPostprocessing = 1;
		};
/* End PBXCopyFilesBuildPhase section */

/* Begin PBXFileReference section */
		9060153E5FA64761BCF18B0E625F9168 /* versions.swift */ = {isa = PBXFileReference; fileEncoding = 4; lastKnownFileType = sourcecode.swift; path = versions.swift; sourceTree = DERIVED_FILE_DIR; };
		DBB6F51124A8D36B008B2AAF /* imp */ = {isa = PBXFileReference; explicitFileType = "compiled.mach-o.executable"; includeInIndex = 0; path = imp; sourceTree = BUILT_PRODUCTS_DIR; };
		DBB6F51424A8D36B008B2AAF /* main.swift */ = {isa = PBXFileReference; lastKnownFileType = sourcecode.swift; path = main.swift; sourceTree = "<group>"; };
		DBB6F51B24A8D452008B2AAF /* Plan.swift */ = {isa = PBXFileReference; fileEncoding = 4; lastKnownFileType = sourcecode.swift; path = Plan.swift; sourceTree = "<group>"; };
		DBB6F51C24A8D452008B2AAF /* ManifestFile.swift */ = {isa = PBXFileReference; fileEncoding = 4; lastKnownFileType = sourcecode.swift; path = ManifestFile.swift; sourceTree = "<group>"; };
		DBB6F51D24A8D452008B2AAF /* CGRect-Extension.swift */ = {isa = PBXFileReference; fileEncoding = 4; lastKnownFileType = sourcecode.swift; path = "CGRect-Extension.swift"; sourceTree = "<group>"; };
		DBB6F51E24A8D452008B2AAF /* Manifest.swift */ = {isa = PBXFileReference; fileEncoding = 4; lastKnownFileType = sourcecode.swift; path = Manifest.swift; sourceTree = "<group>"; };
		DBB6F51F24A8D452008B2AAF /* JSONReadWrite.swift */ = {isa = PBXFileReference; fileEncoding = 4; lastKnownFileType = sourcecode.swift; path = JSONReadWrite.swift; sourceTree = "<group>"; };
		DBB6F52024A8D452008B2AAF /* Configuration.swift */ = {isa = PBXFileReference; fileEncoding = 4; lastKnownFileType = sourcecode.swift; path = Configuration.swift; sourceTree = "<group>"; };
		DBB6F52124A8D452008B2AAF /* YAMLReadWrite.swift */ = {isa = PBXFileReference; fileEncoding = 4; lastKnownFileType = sourcecode.swift; path = YAMLReadWrite.swift; sourceTree = "<group>"; };
		DBB6F52324A8D452008B2AAF /* SampleManifestCommand.swift */ = {isa = PBXFileReference; fileEncoding = 4; lastKnownFileType = sourcecode.swift; path = SampleManifestCommand.swift; sourceTree = "<group>"; };
		DBB6F52424A8D452008B2AAF /* ProcessCommand.swift */ = {isa = PBXFileReference; fileEncoding = 4; lastKnownFileType = sourcecode.swift; path = ProcessCommand.swift; sourceTree = "<group>"; };
		DBB6F52524A8D452008B2AAF /* Mappings.swift */ = {isa = PBXFileReference; fileEncoding = 4; lastKnownFileType = sourcecode.swift; path = Mappings.swift; sourceTree = "<group>"; };
		DBB6F53024A8D46C008B2AAF /* CommandLineCore */ = {isa = PBXFileReference; lastKnownFileType = folder; name = CommandLineCore; path = submodules/CommandLineCore; sourceTree = "<group>"; };
		DBB6F53124A8D46C008B2AAF /* Yams */ = {isa = PBXFileReference; lastKnownFileType = folder; name = Yams; path = submodules/Yams; sourceTree = "<group>"; };
		DBB6F53324A8D496008B2AAF /* mediumSticker-manifest.yml */ = {isa = PBXFileReference; lastKnownFileType = text.yaml; path = "mediumSticker-manifest.yml"; sourceTree = "<group>"; };
		DBB6F53424A8D496008B2AAF /* imageFileForLargeSticker-manifest.yml */ = {isa = PBXFileReference; lastKnownFileType = text.yaml; path = "imageFileForLargeSticker-manifest.yml"; sourceTree = "<group>"; };
		DBB6F53524A8D496008B2AAF /* test2.xcassets */ = {isa = PBXFileReference; lastKnownFileType = folder.assetcatalog; path = test2.xcassets; sourceTree = "<group>"; };
		DBB6F53624A8D496008B2AAF /* imageSetForLargeSticker-manifest.yml */ = {isa = PBXFileReference; lastKnownFileType = text.yaml; path = "imageSetForLargeSticker-manifest.yml"; sourceTree = "<group>"; };
		DBB6F53724A8D496008B2AAF /* imageSet-manifest.yml */ = {isa = PBXFileReference; lastKnownFileType = text.yaml; path = "imageSet-manifest.yml"; sourceTree = "<group>"; };
		DBB6F53824A8D496008B2AAF /* iconSet-app-manifest.yml */ = {isa = PBXFileReference; lastKnownFileType = text.yaml; path = "iconSet-app-manifest.yml"; sourceTree = "<group>"; };
		DBB6F53924A8D496008B2AAF /* test.xcassets */ = {isa = PBXFileReference; lastKnownFileType = folder.assetcatalog; path = test.xcassets; sourceTree = "<group>"; };
		DBB6F53A24A8D496008B2AAF /* shuttle.png */ = {isa = PBXFileReference; lastKnownFileType = image.png; path = shuttle.png; sourceTree = "<group>"; };
		DBB6F53B24A8D496008B2AAF /* thumb256-manifest.yml */ = {isa = PBXFileReference; lastKnownFileType = text.yaml; path = "thumb256-manifest.yml"; sourceTree = "<group>"; };
		DBB6F53C24A8D496008B2AAF /* moon@3x.png */ = {isa = PBXFileReference; lastKnownFileType = image.png; path = "moon@3x.png"; sourceTree = "<group>"; };
		DBB6F53D24A8D496008B2AAF /* smallSticker-manifest.yml */ = {isa = PBXFileReference; lastKnownFileType = text.yaml; path = "smallSticker-manifest.yml"; sourceTree = "<group>"; };
		DBB6F53E24A8D496008B2AAF /* icns-manifest.yml */ = {isa = PBXFileReference; lastKnownFileType = text.yaml; path = "icns-manifest.yml"; sourceTree = "<group>"; };
		DBB6F53F24A8D496008B2AAF /* moon.jpg */ = {isa = PBXFileReference; lastKnownFileType = image.jpeg; path = moon.jpg; sourceTree = "<group>"; };
		DBB6F54024A8D496008B2AAF /* largeSticker-manifest.yml */ = {isa = PBXFileReference; lastKnownFileType = text.yaml; path = "largeSticker-manifest.yml"; sourceTree = "<group>"; };
		DBB6F54124A8D496008B2AAF /* test.xcstickers */ = {isa = PBXFileReference; lastKnownFileType = folder.stickers; path = test.xcstickers; sourceTree = "<group>"; };
		DBB6F54224A8D496008B2AAF /* iconSet-messages-manifest.yml */ = {isa = PBXFileReference; lastKnownFileType = text.yaml; path = "iconSet-messages-manifest.yml"; sourceTree = "<group>"; };
		DBB6F54324A8D496008B2AAF /* oversize.png */ = {isa = PBXFileReference; lastKnownFileType = image.png; path = oversize.png; sourceTree = "<group>"; };
		DBB6F54424A8D496008B2AAF /* homoidentus-manifest.yml */ = {isa = PBXFileReference; lastKnownFileType = text.yaml; path = "homoidentus-manifest.yml"; sourceTree = "<group>"; };
/* End PBXFileReference section */

/* Begin PBXFrameworksBuildPhase section */
		DBB6F50E24A8D36B008B2AAF /* Frameworks */ = {
			isa = PBXFrameworksBuildPhase;
			buildActionMask = 2147483647;
			files = (
				DBB6F54B24A8D55C008B2AAF /* Yams in Frameworks */,
				DBB6F54924A8D55C008B2AAF /* CommandLineCore in Frameworks */,
			);
			runOnlyForDeploymentPostprocessing = 0;
		};
/* End PBXFrameworksBuildPhase section */

/* Begin PBXGroup section */
		DBB6F50824A8D36B008B2AAF = {
			isa = PBXGroup;
			children = (
				9060153E5FA64761BCF18B0E625F9168 /* versions.swift */,
				DBB6F53224A8D496008B2AAF /* testing */,
				DBB6F53024A8D46C008B2AAF /* CommandLineCore */,
				DBB6F53124A8D46C008B2AAF /* Yams */,
				DBB6F51324A8D36B008B2AAF /* image-munger */,
				DBB6F51224A8D36B008B2AAF /* Products */,
				DBB6F54724A8D55C008B2AAF /* Frameworks */,
			);
			sourceTree = "<group>";
		};
		DBB6F51224A8D36B008B2AAF /* Products */ = {
			isa = PBXGroup;
			children = (
				DBB6F51124A8D36B008B2AAF /* imp */,
			);
			name = Products;
			sourceTree = "<group>";
		};
		DBB6F51324A8D36B008B2AAF /* image-munger */ = {
			isa = PBXGroup;
			children = (
				DBB6F51D24A8D452008B2AAF /* CGRect-Extension.swift */,
				DBB6F52224A8D452008B2AAF /* CommandHandlers */,
				DBB6F52024A8D452008B2AAF /* Configuration.swift */,
				DBB6F51F24A8D452008B2AAF /* JSONReadWrite.swift */,
				DBB6F51424A8D36B008B2AAF /* main.swift */,
				DBB6F51E24A8D452008B2AAF /* Manifest.swift */,
				DBB6F51C24A8D452008B2AAF /* ManifestFile.swift */,
				DBB6F52524A8D452008B2AAF /* Mappings.swift */,
				DBB6F51B24A8D452008B2AAF /* Plan.swift */,
				DBB6F52124A8D452008B2AAF /* YAMLReadWrite.swift */,
			);
			path = "image-munger";
			sourceTree = "<group>";
		};
		DBB6F52224A8D452008B2AAF /* CommandHandlers */ = {
			isa = PBXGroup;
			children = (
				DBB6F52424A8D452008B2AAF /* ProcessCommand.swift */,
				DBB6F52324A8D452008B2AAF /* SampleManifestCommand.swift */,
			);
			path = CommandHandlers;
			sourceTree = "<group>";
		};
		DBB6F53224A8D496008B2AAF /* testing */ = {
			isa = PBXGroup;
			children = (
				DBB6F53324A8D496008B2AAF /* mediumSticker-manifest.yml */,
				DBB6F53424A8D496008B2AAF /* imageFileForLargeSticker-manifest.yml */,
				DBB6F53524A8D496008B2AAF /* test2.xcassets */,
				DBB6F53624A8D496008B2AAF /* imageSetForLargeSticker-manifest.yml */,
				DBB6F53724A8D496008B2AAF /* imageSet-manifest.yml */,
				DBB6F53824A8D496008B2AAF /* iconSet-app-manifest.yml */,
				DBB6F53924A8D496008B2AAF /* test.xcassets */,
				DBB6F53A24A8D496008B2AAF /* shuttle.png */,
				DBB6F53B24A8D496008B2AAF /* thumb256-manifest.yml */,
				DBB6F53C24A8D496008B2AAF /* moon@3x.png */,
				DBB6F53D24A8D496008B2AAF /* smallSticker-manifest.yml */,
				DBB6F53E24A8D496008B2AAF /* icns-manifest.yml */,
				DBB6F53F24A8D496008B2AAF /* moon.jpg */,
				DBB6F54024A8D496008B2AAF /* largeSticker-manifest.yml */,
				DBB6F54124A8D496008B2AAF /* test.xcstickers */,
				DBB6F54224A8D496008B2AAF /* iconSet-messages-manifest.yml */,
				DBB6F54324A8D496008B2AAF /* oversize.png */,
				DBB6F54424A8D496008B2AAF /* homoidentus-manifest.yml */,
			);
			path = testing;
			sourceTree = "<group>";
		};
		DBB6F54724A8D55C008B2AAF /* Frameworks */ = {
			isa = PBXGroup;
			children = (
			);
			name = Frameworks;
			sourceTree = "<group>";
		};
/* End PBXGroup section */

/* Begin PBXNativeTarget section */
		DBB6F51024A8D36B008B2AAF /* image-munger */ = {
			isa = PBXNativeTarget;
			buildConfigurationList = DBB6F51824A8D36B008B2AAF /* Build configuration list for PBXNativeTarget "image-munger" */;
			buildPhases = (
				DCFA1DD926D94D6CAAD675AA8308BFF9 /* SwiftLint */,
				D77FCCD0C0EE4D98A285D1F2CA1E5764 /* Stamp Version */,
				DBB6F50D24A8D36B008B2AAF /* Sources */,
				DBB6F50E24A8D36B008B2AAF /* Frameworks */,
				DBB6F50F24A8D36B008B2AAF /* CopyFiles */,
			);
			buildRules = (
			);
			dependencies = (
			);
			name = "image-munger";
			packageProductDependencies = (
				DBB6F54824A8D55C008B2AAF /* CommandLineCore */,
				DBB6F54A24A8D55C008B2AAF /* Yams */,
			);
			productName = "image-munger";
			productReference = DBB6F51124A8D36B008B2AAF /* imp */;
			productType = "com.apple.product-type.tool";
		};
/* End PBXNativeTarget section */

/* Begin PBXProject section */
		DBB6F50924A8D36B008B2AAF /* Project object */ = {
			isa = PBXProject;
			attributes = {
				LastSwiftUpdateCheck = 1200;
				LastUpgradeCheck = 1200;
				TargetAttributes = {
					DBB6F51024A8D36B008B2AAF = {
						CreatedOnToolsVersion = 12.0;
					};
				};
			};
			buildConfigurationList = DBB6F50C24A8D36B008B2AAF /* Build configuration list for PBXProject "image-munger" */;
			compatibilityVersion = "Xcode 9.3";
			developmentRegion = en;
			hasScannedForEncodings = 0;
			knownRegions = (
				en,
				Base,
			);
			mainGroup = DBB6F50824A8D36B008B2AAF;
			productRefGroup = DBB6F51224A8D36B008B2AAF /* Products */;
			projectDirPath = "";
			projectRoot = "";
			targets = (
				DBB6F51024A8D36B008B2AAF /* image-munger */,
			);
		};
/* End PBXProject section */

/* Begin PBXShellScriptBuildPhase section */
		D77FCCD0C0EE4D98A285D1F2CA1E5764 /* Stamp Version */ = {
			isa = PBXShellScriptBuildPhase;
			buildActionMask = 2147483647;
			name = "Stamp Version";
			outputPaths = (
				"$(DERIVED_FILE_DIR)/versions.swift",
			);
			runOnlyForDeploymentPostprocessing = 0;
			shellPath = /bin/sh;
			shellScript = "PATH=${PATH}:${HOME}/bin\nif which pt > /dev/null; then\npt stamp 'image-munger' ${DERIVED_FILE_DIR}/versions.swift\nelse\n  echo \"warning: pt not installed\"\nfi\n";
			showEnvVarsInLog = 0;
		};
		DCFA1DD926D94D6CAAD675AA8308BFF9 /* SwiftLint */ = {
			isa = PBXShellScriptBuildPhase;
			buildActionMask = 2147483647;
			name = SwiftLint;
			runOnlyForDeploymentPostprocessing = 0;
			shellPath = /bin/sh;
			shellScript = "if which swiftlint >/dev/null; then\n  swiftlint\nelse\n  echo \"warning: SwiftLint not installed, download from https://github.com/realm/SwiftLint\"\nfi";
			showEnvVarsInLog = 0;
		};
/* End PBXShellScriptBuildPhase section */

/* Begin PBXSourcesBuildPhase section */
		DBB6F50D24A8D36B008B2AAF /* Sources */ = {
			isa = PBXSourcesBuildPhase;
			buildActionMask = 2147483647;
			files = (
				DBB6F52C24A8D452008B2AAF /* YAMLReadWrite.swift in Sources */,
				DBB6F52E24A8D452008B2AAF /* ProcessCommand.swift in Sources */,
				DBB6F52F24A8D452008B2AAF /* Mappings.swift in Sources */,
				DBB6F52724A8D452008B2AAF /* ManifestFile.swift in Sources */,
				DBB6F52A24A8D452008B2AAF /* JSONReadWrite.swift in Sources */,
				DBB6F52B24A8D452008B2AAF /* Configuration.swift in Sources */,
				DBB6F52624A8D452008B2AAF /* Plan.swift in Sources */,
				DBB6F52924A8D452008B2AAF /* Manifest.swift in Sources */,
				DBB6F52D24A8D452008B2AAF /* SampleManifestCommand.swift in Sources */,
				DBB6F51524A8D36B008B2AAF /* main.swift in Sources */,
				DBB6F52824A8D452008B2AAF /* CGRect-Extension.swift in Sources */,
				1C6FCF55834A4908B89AC3C0B0D749CC /* versions.swift in Sources */,
			);
			runOnlyForDeploymentPostprocessing = 0;
		};
/* End PBXSourcesBuildPhase section */

/* Begin XCBuildConfiguration section */
		DBB6F51624A8D36B008B2AAF /* Debug */ = {
			isa = XCBuildConfiguration;
			buildSettings = {
				ALWAYS_SEARCH_USER_PATHS = NO;
				CLANG_ANALYZER_NONNULL = YES;
				CLANG_ANALYZER_NUMBER_OBJECT_CONVERSION = YES_AGGRESSIVE;
				CLANG_CXX_LANGUAGE_STANDARD = "gnu++14";
				CLANG_CXX_LIBRARY = "libc++";
				CLANG_ENABLE_MODULES = YES;
				CLANG_ENABLE_OBJC_ARC = YES;
				CLANG_ENABLE_OBJC_WEAK = YES;
				CLANG_WARN_BLOCK_CAPTURE_AUTORELEASING = YES;
				CLANG_WARN_BOOL_CONVERSION = YES;
				CLANG_WARN_COMMA = YES;
				CLANG_WARN_CONSTANT_CONVERSION = YES;
				CLANG_WARN_DEPRECATED_OBJC_IMPLEMENTATIONS = YES;
				CLANG_WARN_DIRECT_OBJC_ISA_USAGE = YES_ERROR;
				CLANG_WARN_DOCUMENTATION_COMMENTS = YES;
				CLANG_WARN_EMPTY_BODY = YES;
				CLANG_WARN_ENUM_CONVERSION = YES;
				CLANG_WARN_INFINITE_RECURSION = YES;
				CLANG_WARN_INT_CONVERSION = YES;
				CLANG_WARN_NON_LITERAL_NULL_CONVERSION = YES;
				CLANG_WARN_OBJC_IMPLICIT_RETAIN_SELF = YES;
				CLANG_WARN_OBJC_LITERAL_CONVERSION = YES;
				CLANG_WARN_OBJC_ROOT_CLASS = YES_ERROR;
				CLANG_WARN_QUOTED_INCLUDE_IN_FRAMEWORK_HEADER = YES;
				CLANG_WARN_RANGE_LOOP_ANALYSIS = YES;
				CLANG_WARN_STRICT_PROTOTYPES = YES;
				CLANG_WARN_SUSPICIOUS_MOVE = YES;
				CLANG_WARN_UNGUARDED_AVAILABILITY = YES_AGGRESSIVE;
				CLANG_WARN_UNREACHABLE_CODE = YES;
				CLANG_WARN__DUPLICATE_METHOD_MATCH = YES;
				COPY_PHASE_STRIP = NO;
				DEBUG_INFORMATION_FORMAT = dwarf;
				ENABLE_STRICT_OBJC_MSGSEND = YES;
				ENABLE_TESTABILITY = YES;
				GCC_C_LANGUAGE_STANDARD = gnu11;
				GCC_DYNAMIC_NO_PIC = NO;
				GCC_NO_COMMON_BLOCKS = YES;
				GCC_OPTIMIZATION_LEVEL = 0;
				GCC_PREPROCESSOR_DEFINITIONS = (
					"DEBUG=1",
					"$(inherited)",
				);
				GCC_WARN_64_TO_32_BIT_CONVERSION = YES;
				GCC_WARN_ABOUT_RETURN_TYPE = YES_ERROR;
				GCC_WARN_UNDECLARED_SELECTOR = YES;
				GCC_WARN_UNINITIALIZED_AUTOS = YES_AGGRESSIVE;
				GCC_WARN_UNUSED_FUNCTION = YES;
				GCC_WARN_UNUSED_VARIABLE = YES;
				MACOSX_DEPLOYMENT_TARGET = 10.15;
				MTL_ENABLE_DEBUG_INFO = INCLUDE_SOURCE;
				MTL_FAST_MATH = YES;
				ONLY_ACTIVE_ARCH = YES;
				SDKROOT = macosx;
				SWIFT_ACTIVE_COMPILATION_CONDITIONS = DEBUG;
				SWIFT_OPTIMIZATION_LEVEL = "-Onone";
			};
			name = Debug;
		};
		DBB6F51724A8D36B008B2AAF /* Release */ = {
			isa = XCBuildConfiguration;
			buildSettings = {
				ALWAYS_SEARCH_USER_PATHS = NO;
				CLANG_ANALYZER_NONNULL = YES;
				CLANG_ANALYZER_NUMBER_OBJECT_CONVERSION = YES_AGGRESSIVE;
				CLANG_CXX_LANGUAGE_STANDARD = "gnu++14";
				CLANG_CXX_LIBRARY = "libc++";
				CLANG_ENABLE_MODULES = YES;
				CLANG_ENABLE_OBJC_ARC = YES;
				CLANG_ENABLE_OBJC_WEAK = YES;
				CLANG_WARN_BLOCK_CAPTURE_AUTORELEASING = YES;
				CLANG_WARN_BOOL_CONVERSION = YES;
				CLANG_WARN_COMMA = YES;
				CLANG_WARN_CONSTANT_CONVERSION = YES;
				CLANG_WARN_DEPRECATED_OBJC_IMPLEMENTATIONS = YES;
				CLANG_WARN_DIRECT_OBJC_ISA_USAGE = YES_ERROR;
				CLANG_WARN_DOCUMENTATION_COMMENTS = YES;
				CLANG_WARN_EMPTY_BODY = YES;
				CLANG_WARN_ENUM_CONVERSION = YES;
				CLANG_WARN_INFINITE_RECURSION = YES;
				CLANG_WARN_INT_CONVERSION = YES;
				CLANG_WARN_NON_LITERAL_NULL_CONVERSION = YES;
				CLANG_WARN_OBJC_IMPLICIT_RETAIN_SELF = YES;
				CLANG_WARN_OBJC_LITERAL_CONVERSION = YES;
				CLANG_WARN_OBJC_ROOT_CLASS = YES_ERROR;
				CLANG_WARN_QUOTED_INCLUDE_IN_FRAMEWORK_HEADER = YES;
				CLANG_WARN_RANGE_LOOP_ANALYSIS = YES;
				CLANG_WARN_STRICT_PROTOTYPES = YES;
				CLANG_WARN_SUSPICIOUS_MOVE = YES;
				CLANG_WARN_UNGUARDED_AVAILABILITY = YES_AGGRESSIVE;
				CLANG_WARN_UNREACHABLE_CODE = YES;
				CLANG_WARN__DUPLICATE_METHOD_MATCH = YES;
				COPY_PHASE_STRIP = NO;
				DEBUG_INFORMATION_FORMAT = "dwarf-with-dsym";
				ENABLE_NS_ASSERTIONS = NO;
				ENABLE_STRICT_OBJC_MSGSEND = YES;
				GCC_C_LANGUAGE_STANDARD = gnu11;
				GCC_NO_COMMON_BLOCKS = YES;
				GCC_WARN_64_TO_32_BIT_CONVERSION = YES;
				GCC_WARN_ABOUT_RETURN_TYPE = YES_ERROR;
				GCC_WARN_UNDECLARED_SELECTOR = YES;
				GCC_WARN_UNINITIALIZED_AUTOS = YES_AGGRESSIVE;
				GCC_WARN_UNUSED_FUNCTION = YES;
				GCC_WARN_UNUSED_VARIABLE = YES;
				MACOSX_DEPLOYMENT_TARGET = 10.15;
				MTL_ENABLE_DEBUG_INFO = NO;
				MTL_FAST_MATH = YES;
				SDKROOT = macosx;
				SWIFT_COMPILATION_MODE = wholemodule;
				SWIFT_OPTIMIZATION_LEVEL = "-O";
			};
			name = Release;
		};
		DBB6F51924A8D36B008B2AAF /* Debug */ = {
			isa = XCBuildConfiguration;
			buildSettings = {
				CODE_SIGN_STYLE = Automatic;
				DEVELOPMENT_TEAM = 5886TSL9MF;
				ENABLE_HARDENED_RUNTIME = YES;
				PRODUCT_NAME = imp;
				SWIFT_VERSION = 5.0;
			};
			name = Debug;
		};
		DBB6F51A24A8D36B008B2AAF /* Release */ = {
			isa = XCBuildConfiguration;
			buildSettings = {
				CODE_SIGN_STYLE = Automatic;
				DEVELOPMENT_TEAM = 5886TSL9MF;
				ENABLE_HARDENED_RUNTIME = YES;
				PRODUCT_NAME = imp;
				SWIFT_VERSION = 5.0;
			};
			name = Release;
		};
/* End XCBuildConfiguration section */

/* Begin XCConfigurationList section */
		DBB6F50C24A8D36B008B2AAF /* Build configuration list for PBXProject "image-munger" */ = {
			isa = XCConfigurationList;
			buildConfigurations = (
				DBB6F51624A8D36B008B2AAF /* Debug */,
				DBB6F51724A8D36B008B2AAF /* Release */,
			);
			defaultConfigurationIsVisible = 0;
			defaultConfigurationName = Release;
		};
		DBB6F51824A8D36B008B2AAF /* Build configuration list for PBXNativeTarget "image-munger" */ = {
			isa = XCConfigurationList;
			buildConfigurations = (
				DBB6F51924A8D36B008B2AAF /* Debug */,
				DBB6F51A24A8D36B008B2AAF /* Release */,
			);
			defaultConfigurationIsVisible = 0;
			defaultConfigurationName = Release;
		};
/* End XCConfigurationList section */

/* Begin XCSwiftPackageProductDependency section */
		DBB6F54824A8D55C008B2AAF /* CommandLineCore */ = {
			isa = XCSwiftPackageProductDependency;
			productName = CommandLineCore;
		};
		DBB6F54A24A8D55C008B2AAF /* Yams */ = {
			isa = XCSwiftPackageProductDependency;
			productName = Yams;
		};
/* End XCSwiftPackageProductDependency section */
	};
	rootObject = DBB6F50924A8D36B008B2AAF /* Project object */;
}
