// !$*UTF8*$!
{
	archiveVersion = 1;
	classes = {
	};
	objectVersion = 50;
	objects = {

/* Begin PBXBuildFile section */
		DB1BCF8821396CDB006F3D04 /* ImageMungerTests.swift in Sources */ = {isa = PBXBuildFile; fileRef = DB1BCF8721396CDB006F3D04 /* ImageMungerTests.swift */; };
		DB1BCF8D21396ECF006F3D04 /* libCommandLineCore.a in Frameworks */ = {isa = PBXBuildFile; fileRef = DBE2DA282130CBB40056C931 /* libCommandLineCore.a */; };
		DB1BCF8F21396EDC006F3D04 /* Manifest.swift in Sources */ = {isa = PBXBuildFile; fileRef = DBCB90522133662C00CB3B04 /* Manifest.swift */; };
		DB1BCF9021396EDC006F3D04 /* Configuration.swift in Sources */ = {isa = PBXBuildFile; fileRef = DBCB90552134402000CB3B04 /* Configuration.swift */; };
		DB1BCF9121396EDC006F3D04 /* Plan.swift in Sources */ = {isa = PBXBuildFile; fileRef = DBDD18302136D27500C84FF0 /* Plan.swift */; };
		DB1BCF9221396EDF006F3D04 /* ProcessCommand.swift in Sources */ = {isa = PBXBuildFile; fileRef = DBE2DA2F213186EB0056C931 /* ProcessCommand.swift */; };
		DB1BCFE021397C68006F3D04 /* Mappings.swift in Sources */ = {isa = PBXBuildFile; fileRef = DB1BCFDF21397C68006F3D04 /* Mappings.swift */; };
		DB1BCFE121397C68006F3D04 /* Mappings.swift in Sources */ = {isa = PBXBuildFile; fileRef = DB1BCFDF21397C68006F3D04 /* Mappings.swift */; };
		DB994DEC22E0E3A500E29EEC /* homoidentus-test-only.xctestplan in Resources */ = {isa = PBXBuildFile; fileRef = DB994DEB22E0E3A500E29EEC /* homoidentus-test-only.xctestplan */; };
		DBB9B43B2142A3CC00078E5A /* libObjectMapper.a in Frameworks */ = {isa = PBXBuildFile; fileRef = DBB9B43A2142A3CC00078E5A /* libObjectMapper.a */; };
		DBB9B43C21445FD700078E5A /* libObjectMapper.a in Frameworks */ = {isa = PBXBuildFile; fileRef = DBB9B43A2142A3CC00078E5A /* libObjectMapper.a */; };
		DBCB90532133662C00CB3B04 /* Manifest.swift in Sources */ = {isa = PBXBuildFile; fileRef = DBCB90522133662C00CB3B04 /* Manifest.swift */; };
		DBCB90562134402000CB3B04 /* Configuration.swift in Sources */ = {isa = PBXBuildFile; fileRef = DBCB90552134402000CB3B04 /* Configuration.swift */; };
		DBDD18312136D27500C84FF0 /* Plan.swift in Sources */ = {isa = PBXBuildFile; fileRef = DBDD18302136D27500C84FF0 /* Plan.swift */; };
		DBE2DA212130CA160056C931 /* main.swift in Sources */ = {isa = PBXBuildFile; fileRef = DBE2DA202130CA160056C931 /* main.swift */; };
		DBE2DA292130CBB40056C931 /* libCommandLineCore.a in Frameworks */ = {isa = PBXBuildFile; fileRef = DBE2DA282130CBB40056C931 /* libCommandLineCore.a */; };
		DBE2DA30213186EB0056C931 /* ProcessCommand.swift in Sources */ = {isa = PBXBuildFile; fileRef = DBE2DA2F213186EB0056C931 /* ProcessCommand.swift */; };
/* End PBXBuildFile section */

/* Begin PBXCopyFilesBuildPhase section */
		DBE2DA1B2130CA160056C931 /* CopyFiles */ = {
			isa = PBXCopyFilesBuildPhase;
			buildActionMask = 2147483647;
			dstPath = /usr/share/man/man1/;
			dstSubfolderSpec = 0;
			files = (
			);
			runOnlyForDeploymentPostprocessing = 1;
		};
/* End PBXCopyFilesBuildPhase section */

/* Begin PBXFileReference section */
		DB1BCF8521396CDB006F3D04 /* ImageMungerTests.xctest */ = {isa = PBXFileReference; explicitFileType = wrapper.cfbundle; includeInIndex = 0; path = ImageMungerTests.xctest; sourceTree = BUILT_PRODUCTS_DIR; };
		DB1BCF8721396CDB006F3D04 /* ImageMungerTests.swift */ = {isa = PBXFileReference; lastKnownFileType = sourcecode.swift; path = ImageMungerTests.swift; sourceTree = "<group>"; };
		DB1BCF8921396CDB006F3D04 /* Info.plist */ = {isa = PBXFileReference; lastKnownFileType = text.plist.xml; path = Info.plist; sourceTree = "<group>"; };
		DB1BCFDF21397C68006F3D04 /* Mappings.swift */ = {isa = PBXFileReference; lastKnownFileType = sourcecode.swift; path = Mappings.swift; sourceTree = "<group>"; };
		DB6756EC22DF5BB2004C8F0D /* README.md */ = {isa = PBXFileReference; lastKnownFileType = net.daringfireball.markdown; path = README.md; sourceTree = "<group>"; };
		DB994DEA22E0E35100E29EEC /* image-munger.xctestplan */ = {isa = PBXFileReference; lastKnownFileType = text; path = "image-munger.xctestplan"; sourceTree = "<group>"; };
		DB994DEB22E0E3A500E29EEC /* homoidentus-test-only.xctestplan */ = {isa = PBXFileReference; fileEncoding = 4; lastKnownFileType = text; path = "homoidentus-test-only.xctestplan"; sourceTree = "<group>"; };
		DBB2006121389DC500519BC3 /* testing */ = {isa = PBXFileReference; lastKnownFileType = folder; path = testing; sourceTree = "<group>"; };
		DBB9B43A2142A3CC00078E5A /* libObjectMapper.a */ = {isa = PBXFileReference; explicitFileType = archive.ar; path = libObjectMapper.a; sourceTree = BUILT_PRODUCTS_DIR; };
		DBCB904F213316D000CB3B04 /* .swiftlint.yml */ = {isa = PBXFileReference; lastKnownFileType = text; path = .swiftlint.yml; sourceTree = "<group>"; };
		DBCB90522133662C00CB3B04 /* Manifest.swift */ = {isa = PBXFileReference; lastKnownFileType = sourcecode.swift; path = Manifest.swift; sourceTree = "<group>"; };
		DBCB90552134402000CB3B04 /* Configuration.swift */ = {isa = PBXFileReference; lastKnownFileType = sourcecode.swift; path = Configuration.swift; sourceTree = "<group>"; };
		DBDD18302136D27500C84FF0 /* Plan.swift */ = {isa = PBXFileReference; lastKnownFileType = sourcecode.swift; path = Plan.swift; sourceTree = "<group>"; };
		DBE2DA1D2130CA160056C931 /* imp */ = {isa = PBXFileReference; explicitFileType = "compiled.mach-o.executable"; includeInIndex = 0; path = imp; sourceTree = BUILT_PRODUCTS_DIR; };
		DBE2DA202130CA160056C931 /* main.swift */ = {isa = PBXFileReference; lastKnownFileType = sourcecode.swift; path = main.swift; sourceTree = "<group>"; };
		DBE2DA282130CBB40056C931 /* libCommandLineCore.a */ = {isa = PBXFileReference; explicitFileType = archive.ar; path = libCommandLineCore.a; sourceTree = BUILT_PRODUCTS_DIR; };
		DBE2DA2D2130CD060056C931 /* .module-versions */ = {isa = PBXFileReference; lastKnownFileType = text; path = ".module-versions"; sourceTree = "<group>"; };
		DBE2DA2F213186EB0056C931 /* ProcessCommand.swift */ = {isa = PBXFileReference; lastKnownFileType = sourcecode.swift; path = ProcessCommand.swift; sourceTree = "<group>"; };
/* End PBXFileReference section */

/* Begin PBXFrameworksBuildPhase section */
		DB1BCF8221396CDB006F3D04 /* Frameworks */ = {
			isa = PBXFrameworksBuildPhase;
			buildActionMask = 2147483647;
			files = (
				DBB9B43C21445FD700078E5A /* libObjectMapper.a in Frameworks */,
				DB1BCF8D21396ECF006F3D04 /* libCommandLineCore.a in Frameworks */,
			);
			runOnlyForDeploymentPostprocessing = 0;
		};
		DBE2DA1A2130CA160056C931 /* Frameworks */ = {
			isa = PBXFrameworksBuildPhase;
			buildActionMask = 2147483647;
			files = (
				DBB9B43B2142A3CC00078E5A /* libObjectMapper.a in Frameworks */,
				DBE2DA292130CBB40056C931 /* libCommandLineCore.a in Frameworks */,
			);
			runOnlyForDeploymentPostprocessing = 0;
		};
/* End PBXFrameworksBuildPhase section */

/* Begin PBXGroup section */
		DB1BCF8621396CDB006F3D04 /* ImageMungerTests */ = {
			isa = PBXGroup;
			children = (
				DB1BCF8721396CDB006F3D04 /* ImageMungerTests.swift */,
				DB994DEA22E0E35100E29EEC /* image-munger.xctestplan */,
				DB994DEB22E0E3A500E29EEC /* homoidentus-test-only.xctestplan */,
				DB1BCF8921396CDB006F3D04 /* Info.plist */,
			);
			path = ImageMungerTests;
			sourceTree = "<group>";
		};
		DBE2DA142130CA160056C931 = {
			isa = PBXGroup;
			children = (
				DB6756EC22DF5BB2004C8F0D /* README.md */,
				DBE2DA2D2130CD060056C931 /* .module-versions */,
				DBCB904F213316D000CB3B04 /* .swiftlint.yml */,
				DBB2006121389DC500519BC3 /* testing */,
				DBE2DA1F2130CA160056C931 /* image-munger */,
				DB1BCF8621396CDB006F3D04 /* ImageMungerTests */,
				DBE2DA1E2130CA160056C931 /* Products */,
				DBE2DA272130CBB40056C931 /* Frameworks */,
			);
			sourceTree = "<group>";
		};
		DBE2DA1E2130CA160056C931 /* Products */ = {
			isa = PBXGroup;
			children = (
				DBE2DA1D2130CA160056C931 /* imp */,
				DB1BCF8521396CDB006F3D04 /* ImageMungerTests.xctest */,
			);
			name = Products;
			sourceTree = "<group>";
		};
		DBE2DA1F2130CA160056C931 /* image-munger */ = {
			isa = PBXGroup;
			children = (
				DBE2DA202130CA160056C931 /* main.swift */,
				DBCB90522133662C00CB3B04 /* Manifest.swift */,
				DBCB90552134402000CB3B04 /* Configuration.swift */,
				DBDD18302136D27500C84FF0 /* Plan.swift */,
				DB1BCFDF21397C68006F3D04 /* Mappings.swift */,
				DBE2DA2B2130CCD00056C931 /* CommandHandlers */,
			);
			path = "image-munger";
			sourceTree = "<group>";
		};
		DBE2DA272130CBB40056C931 /* Frameworks */ = {
			isa = PBXGroup;
			children = (
				DBB9B43A2142A3CC00078E5A /* libObjectMapper.a */,
				DBE2DA282130CBB40056C931 /* libCommandLineCore.a */,
			);
			name = Frameworks;
			sourceTree = "<group>";
		};
		DBE2DA2B2130CCD00056C931 /* CommandHandlers */ = {
			isa = PBXGroup;
			children = (
				DBE2DA2F213186EB0056C931 /* ProcessCommand.swift */,
			);
			path = CommandHandlers;
			sourceTree = "<group>";
		};
/* End PBXGroup section */

/* Begin PBXNativeTarget section */
		DB1BCF8421396CDB006F3D04 /* ImageMungerTests */ = {
			isa = PBXNativeTarget;
			buildConfigurationList = DB1BCF8C21396CDB006F3D04 /* Build configuration list for PBXNativeTarget "ImageMungerTests" */;
			buildPhases = (
				DB1BCF8121396CDB006F3D04 /* Sources */,
				DB1BCF8221396CDB006F3D04 /* Frameworks */,
				DB1BCF8321396CDB006F3D04 /* Resources */,
			);
			buildRules = (
			);
			dependencies = (
			);
			name = ImageMungerTests;
			productName = ImageMungerTests;
			productReference = DB1BCF8521396CDB006F3D04 /* ImageMungerTests.xctest */;
			productType = "com.apple.product-type.bundle.unit-test";
		};
		DBE2DA1C2130CA160056C931 /* image-munger */ = {
			isa = PBXNativeTarget;
			buildConfigurationList = DBE2DA242130CA160056C931 /* Build configuration list for PBXNativeTarget "image-munger" */;
			buildPhases = (
				DBE2DA192130CA160056C931 /* Sources */,
				DBE2DA1A2130CA160056C931 /* Frameworks */,
				DBE2DA1B2130CA160056C931 /* CopyFiles */,
				DBCB904E213316A500CB3B04 /* swiftlint */,
			);
			buildRules = (
			);
			dependencies = (
			);
			name = "image-munger";
			productName = "image-munger";
			productReference = DBE2DA1D2130CA160056C931 /* imp */;
			productType = "com.apple.product-type.tool";
		};
/* End PBXNativeTarget section */

/* Begin PBXProject section */
		DBE2DA152130CA160056C931 /* Project object */ = {
			isa = PBXProject;
			attributes = {
				LastSwiftUpdateCheck = 0940;
				LastUpgradeCheck = 0940;
				ORGANIZATIONNAME = droolingcat.com;
				TargetAttributes = {
					DB1BCF8421396CDB006F3D04 = {
						CreatedOnToolsVersion = 9.4.1;
						LastSwiftMigration = 1020;
					};
					DBE2DA1C2130CA160056C931 = {
						CreatedOnToolsVersion = 9.4.1;
						LastSwiftMigration = 1020;
					};
				};
			};
			buildConfigurationList = DBE2DA182130CA160056C931 /* Build configuration list for PBXProject "image-munger" */;
			compatibilityVersion = "Xcode 9.3";
			developmentRegion = en;
			hasScannedForEncodings = 0;
			knownRegions = (
				en,
			);
			mainGroup = DBE2DA142130CA160056C931;
			productRefGroup = DBE2DA1E2130CA160056C931 /* Products */;
			projectDirPath = "";
			projectRoot = "";
			targets = (
				DBE2DA1C2130CA160056C931 /* image-munger */,
				DB1BCF8421396CDB006F3D04 /* ImageMungerTests */,
			);
		};
/* End PBXProject section */

/* Begin PBXResourcesBuildPhase section */
		DB1BCF8321396CDB006F3D04 /* Resources */ = {
			isa = PBXResourcesBuildPhase;
			buildActionMask = 2147483647;
			files = (
				DB994DEC22E0E3A500E29EEC /* homoidentus-test-only.xctestplan in Resources */,
			);
			runOnlyForDeploymentPostprocessing = 0;
		};
/* End PBXResourcesBuildPhase section */

/* Begin PBXShellScriptBuildPhase section */
		DBCB904E213316A500CB3B04 /* swiftlint */ = {
			isa = PBXShellScriptBuildPhase;
			buildActionMask = 2147483647;
			files = (
			);
			inputPaths = (
			);
			name = swiftlint;
			outputPaths = (
			);
			runOnlyForDeploymentPostprocessing = 0;
			shellPath = /bin/sh;
			shellScript = "if which swiftlint >/dev/null; then\n  swiftlint\nelse\n  echo \"warning: SwiftLint not installed, download from https://github.com/realm/SwiftLint\"\nfi\n";
		};
/* End PBXShellScriptBuildPhase section */

/* Begin PBXSourcesBuildPhase section */
		DB1BCF8121396CDB006F3D04 /* Sources */ = {
			isa = PBXSourcesBuildPhase;
			buildActionMask = 2147483647;
			files = (
				DB1BCFE121397C68006F3D04 /* Mappings.swift in Sources */,
				DB1BCF8821396CDB006F3D04 /* ImageMungerTests.swift in Sources */,
				DB1BCF9021396EDC006F3D04 /* Configuration.swift in Sources */,
				DB1BCF8F21396EDC006F3D04 /* Manifest.swift in Sources */,
				DB1BCF9121396EDC006F3D04 /* Plan.swift in Sources */,
				DB1BCF9221396EDF006F3D04 /* ProcessCommand.swift in Sources */,
			);
			runOnlyForDeploymentPostprocessing = 0;
		};
		DBE2DA192130CA160056C931 /* Sources */ = {
			isa = PBXSourcesBuildPhase;
			buildActionMask = 2147483647;
			files = (
				DB1BCFE021397C68006F3D04 /* Mappings.swift in Sources */,
				DBCB90562134402000CB3B04 /* Configuration.swift in Sources */,
				DBDD18312136D27500C84FF0 /* Plan.swift in Sources */,
				DBE2DA212130CA160056C931 /* main.swift in Sources */,
				DBCB90532133662C00CB3B04 /* Manifest.swift in Sources */,
				DBE2DA30213186EB0056C931 /* ProcessCommand.swift in Sources */,
			);
			runOnlyForDeploymentPostprocessing = 0;
		};
/* End PBXSourcesBuildPhase section */

/* Begin XCBuildConfiguration section */
		DB1BCF8A21396CDB006F3D04 /* Debug */ = {
			isa = XCBuildConfiguration;
			buildSettings = {
				CODE_SIGN_STYLE = Automatic;
				COMBINE_HIDPI_IMAGES = YES;
				DEVELOPMENT_TEAM = 5886TSL9MF;
				INFOPLIST_FILE = ImageMungerTests/Info.plist;
				LD_RUNPATH_SEARCH_PATHS = (
					"$(inherited)",
					"@executable_path/../Frameworks",
					"@loader_path/../Frameworks",
				);
				PRODUCT_BUNDLE_IDENTIFIER = com.droolingcat.ImageMungerTests;
				PRODUCT_NAME = "$(TARGET_NAME)";
				SWIFT_VERSION = 5.0;
			};
			name = Debug;
		};
		DB1BCF8B21396CDB006F3D04 /* Release */ = {
			isa = XCBuildConfiguration;
			buildSettings = {
				CODE_SIGN_STYLE = Automatic;
				COMBINE_HIDPI_IMAGES = YES;
				DEVELOPMENT_TEAM = 5886TSL9MF;
				INFOPLIST_FILE = ImageMungerTests/Info.plist;
				LD_RUNPATH_SEARCH_PATHS = (
					"$(inherited)",
					"@executable_path/../Frameworks",
					"@loader_path/../Frameworks",
				);
				PRODUCT_BUNDLE_IDENTIFIER = com.droolingcat.ImageMungerTests;
				PRODUCT_NAME = "$(TARGET_NAME)";
				SWIFT_VERSION = 5.0;
			};
			name = Release;
		};
		DBE2DA222130CA160056C931 /* Debug */ = {
			isa = XCBuildConfiguration;
			buildSettings = {
				ALWAYS_SEARCH_USER_PATHS = NO;
				CLANG_ANALYZER_NONNULL = YES;
				CLANG_ANALYZER_NUMBER_OBJECT_CONVERSION = YES_AGGRESSIVE;
				CLANG_CXX_LANGUAGE_STANDARD = "gnu++14";
				CLANG_CXX_LIBRARY = "libc++";
				CLANG_ENABLE_MODULES = YES;
				CLANG_ENABLE_OBJC_ARC = YES;
				CLANG_ENABLE_OBJC_WEAK = YES;
				CLANG_WARN_BLOCK_CAPTURE_AUTORELEASING = YES;
				CLANG_WARN_BOOL_CONVERSION = YES;
				CLANG_WARN_COMMA = YES;
				CLANG_WARN_CONSTANT_CONVERSION = YES;
				CLANG_WARN_DEPRECATED_OBJC_IMPLEMENTATIONS = YES;
				CLANG_WARN_DIRECT_OBJC_ISA_USAGE = YES_ERROR;
				CLANG_WARN_DOCUMENTATION_COMMENTS = YES;
				CLANG_WARN_EMPTY_BODY = YES;
				CLANG_WARN_ENUM_CONVERSION = YES;
				CLANG_WARN_INFINITE_RECURSION = YES;
				CLANG_WARN_INT_CONVERSION = YES;
				CLANG_WARN_NON_LITERAL_NULL_CONVERSION = YES;
				CLANG_WARN_OBJC_IMPLICIT_RETAIN_SELF = YES;
				CLANG_WARN_OBJC_LITERAL_CONVERSION = YES;
				CLANG_WARN_OBJC_ROOT_CLASS = YES_ERROR;
				CLANG_WARN_RANGE_LOOP_ANALYSIS = YES;
				CLANG_WARN_STRICT_PROTOTYPES = YES;
				CLANG_WARN_SUSPICIOUS_MOVE = YES;
				CLANG_WARN_UNGUARDED_AVAILABILITY = YES_AGGRESSIVE;
				CLANG_WARN_UNREACHABLE_CODE = YES;
				CLANG_WARN__DUPLICATE_METHOD_MATCH = YES;
				CODE_SIGN_IDENTITY = "Mac Developer";
				COPY_PHASE_STRIP = NO;
				DEBUG_INFORMATION_FORMAT = dwarf;
				ENABLE_STRICT_OBJC_MSGSEND = YES;
				ENABLE_TESTABILITY = YES;
				GCC_C_LANGUAGE_STANDARD = gnu11;
				GCC_DYNAMIC_NO_PIC = NO;
				GCC_NO_COMMON_BLOCKS = YES;
				GCC_OPTIMIZATION_LEVEL = 0;
				GCC_PREPROCESSOR_DEFINITIONS = (
					"DEBUG=1",
					"$(inherited)",
				);
				GCC_WARN_64_TO_32_BIT_CONVERSION = YES;
				GCC_WARN_ABOUT_RETURN_TYPE = YES_ERROR;
				GCC_WARN_UNDECLARED_SELECTOR = YES;
				GCC_WARN_UNINITIALIZED_AUTOS = YES_AGGRESSIVE;
				GCC_WARN_UNUSED_FUNCTION = YES;
				GCC_WARN_UNUSED_VARIABLE = YES;
				MACOSX_DEPLOYMENT_TARGET = 10.13;
				MTL_ENABLE_DEBUG_INFO = YES;
				ONLY_ACTIVE_ARCH = YES;
				SDKROOT = macosx;
				SWIFT_ACTIVE_COMPILATION_CONDITIONS = DEBUG;
				SWIFT_OPTIMIZATION_LEVEL = "-Onone";
			};
			name = Debug;
		};
		DBE2DA232130CA160056C931 /* Release */ = {
			isa = XCBuildConfiguration;
			buildSettings = {
				ALWAYS_SEARCH_USER_PATHS = NO;
				CLANG_ANALYZER_NONNULL = YES;
				CLANG_ANALYZER_NUMBER_OBJECT_CONVERSION = YES_AGGRESSIVE;
				CLANG_CXX_LANGUAGE_STANDARD = "gnu++14";
				CLANG_CXX_LIBRARY = "libc++";
				CLANG_ENABLE_MODULES = YES;
				CLANG_ENABLE_OBJC_ARC = YES;
				CLANG_ENABLE_OBJC_WEAK = YES;
				CLANG_WARN_BLOCK_CAPTURE_AUTORELEASING = YES;
				CLANG_WARN_BOOL_CONVERSION = YES;
				CLANG_WARN_COMMA = YES;
				CLANG_WARN_CONSTANT_CONVERSION = YES;
				CLANG_WARN_DEPRECATED_OBJC_IMPLEMENTATIONS = YES;
				CLANG_WARN_DIRECT_OBJC_ISA_USAGE = YES_ERROR;
				CLANG_WARN_DOCUMENTATION_COMMENTS = YES;
				CLANG_WARN_EMPTY_BODY = YES;
				CLANG_WARN_ENUM_CONVERSION = YES;
				CLANG_WARN_INFINITE_RECURSION = YES;
				CLANG_WARN_INT_CONVERSION = YES;
				CLANG_WARN_NON_LITERAL_NULL_CONVERSION = YES;
				CLANG_WARN_OBJC_IMPLICIT_RETAIN_SELF = YES;
				CLANG_WARN_OBJC_LITERAL_CONVERSION = YES;
				CLANG_WARN_OBJC_ROOT_CLASS = YES_ERROR;
				CLANG_WARN_RANGE_LOOP_ANALYSIS = YES;
				CLANG_WARN_STRICT_PROTOTYPES = YES;
				CLANG_WARN_SUSPICIOUS_MOVE = YES;
				CLANG_WARN_UNGUARDED_AVAILABILITY = YES_AGGRESSIVE;
				CLANG_WARN_UNREACHABLE_CODE = YES;
				CLANG_WARN__DUPLICATE_METHOD_MATCH = YES;
				CODE_SIGN_IDENTITY = "Mac Developer";
				COPY_PHASE_STRIP = NO;
				DEBUG_INFORMATION_FORMAT = "dwarf-with-dsym";
				ENABLE_NS_ASSERTIONS = NO;
				ENABLE_STRICT_OBJC_MSGSEND = YES;
				GCC_C_LANGUAGE_STANDARD = gnu11;
				GCC_NO_COMMON_BLOCKS = YES;
				GCC_WARN_64_TO_32_BIT_CONVERSION = YES;
				GCC_WARN_ABOUT_RETURN_TYPE = YES_ERROR;
				GCC_WARN_UNDECLARED_SELECTOR = YES;
				GCC_WARN_UNINITIALIZED_AUTOS = YES_AGGRESSIVE;
				GCC_WARN_UNUSED_FUNCTION = YES;
				GCC_WARN_UNUSED_VARIABLE = YES;
				MACOSX_DEPLOYMENT_TARGET = 10.13;
				MTL_ENABLE_DEBUG_INFO = NO;
				SDKROOT = macosx;
				SWIFT_COMPILATION_MODE = wholemodule;
				SWIFT_OPTIMIZATION_LEVEL = "-O";
			};
			name = Release;
		};
		DBE2DA252130CA160056C931 /* Debug */ = {
			isa = XCBuildConfiguration;
			buildSettings = {
				CODE_SIGN_STYLE = Automatic;
				DEVELOPMENT_TEAM = 5886TSL9MF;
				PRODUCT_NAME = imp;
				SWIFT_VERSION = 5.0;
			};
			name = Debug;
		};
		DBE2DA262130CA160056C931 /* Release */ = {
			isa = XCBuildConfiguration;
			buildSettings = {
				CODE_SIGN_STYLE = Automatic;
				DEVELOPMENT_TEAM = 5886TSL9MF;
				PRODUCT_NAME = imp;
				SWIFT_VERSION = 5.0;
			};
			name = Release;
		};
/* End XCBuildConfiguration section */

/* Begin XCConfigurationList section */
		DB1BCF8C21396CDB006F3D04 /* Build configuration list for PBXNativeTarget "ImageMungerTests" */ = {
			isa = XCConfigurationList;
			buildConfigurations = (
				DB1BCF8A21396CDB006F3D04 /* Debug */,
				DB1BCF8B21396CDB006F3D04 /* Release */,
			);
			defaultConfigurationIsVisible = 0;
			defaultConfigurationName = Release;
		};
		DBE2DA182130CA160056C931 /* Build configuration list for PBXProject "image-munger" */ = {
			isa = XCConfigurationList;
			buildConfigurations = (
				DBE2DA222130CA160056C931 /* Debug */,
				DBE2DA232130CA160056C931 /* Release */,
			);
			defaultConfigurationIsVisible = 0;
			defaultConfigurationName = Release;
		};
		DBE2DA242130CA160056C931 /* Build configuration list for PBXNativeTarget "image-munger" */ = {
			isa = XCConfigurationList;
			buildConfigurations = (
				DBE2DA252130CA160056C931 /* Debug */,
				DBE2DA262130CA160056C931 /* Release */,
			);
			defaultConfigurationIsVisible = 0;
			defaultConfigurationName = Release;
		};
/* End XCConfigurationList section */
	};
	rootObject = DBE2DA152130CA160056C931 /* Project object */;
}
